
Microsoft Visual Studio Solution File, Format Version 12.00
# Visual Studio Version 16
VisualStudioVersion = 16.0.30413.136
MinimumVisualStudioVersion = 10.0.40219.1
Project("{FAE04EC0-301F-11D3-BF4B-00C04F79EFBC}") = "ProjectBanking", "ProjectBanking\ProjectBanking.csproj", "{9EFE86FC-65AA-4107-AD7D-1F1736E861D6}"
EndProject
Global
	GlobalSection(SolutionConfigurationPlatforms) = preSolution
		Debug|Any CPU = Debug|Any CPU
		Release|Any CPU = Release|Any CPU
	EndGlobalSection
	GlobalSection(ProjectConfigurationPlatforms) = postSolution
		{9EFE86FC-65AA-4107-AD7D-1F1736E861D6}.Debug|Any CPU.ActiveCfg = Debug|Any CPU
		{9EFE86FC-65AA-4107-AD7D-1F1736E861D6}.Debug|Any CPU.Build.0 = Debug|Any CPU
		{9EFE86FC-65AA-4107-AD7D-1F1736E861D6}.Release|Any CPU.ActiveCfg = Release|Any CPU
		{9EFE86FC-65AA-4107-AD7D-1F1736E861D6}.Release|Any CPU.Build.0 = Release|Any CPU
	EndGlobalSection
	GlobalSection(SolutionProperties) = preSolution
		HideSolutionNode = FALSE
	EndGlobalSection
	GlobalSection(ExtensibilityGlobals) = postSolution
		SolutionGuid = {C9489E22-7460-42C0-8685-9FCB5DB4786C}
	EndGlobalSection
EndGlobal
